
Microsoft Visual Studio Solution File, Format Version 12.00
# Visual Studio Version 17
VisualStudioVersion = 17.9.34607.119
MinimumVisualStudioVersion = 10.0.40219.1
Project("{FAE04EC0-301F-11D3-BF4B-00C04F79EFBC}") = "Hunt_Mortgage2", "Hunt_Mortgage2\Hunt_Mortgage2.csproj", "{65F0E537-59AA-4048-85CE-1FE40E40934C}"
EndProject
Global
	GlobalSection(SolutionConfigurationPlatforms) = preSolution
		Debug|Any CPU = Debug|Any CPU
		Release|Any CPU = Release|Any CPU
	EndGlobalSection
	GlobalSection(ProjectConfigurationPlatforms) = postSolution
		{65F0E537-59AA-4048-85CE-1FE40E40934C}.Debug|Any CPU.ActiveCfg = Debug|Any CPU
		{65F0E537-59AA-4048-85CE-1FE40E40934C}.Debug|Any CPU.Build.0 = Debug|Any CPU
		{65F0E537-59AA-4048-85CE-1FE40E40934C}.Release|Any CPU.ActiveCfg = Release|Any CPU
		{65F0E537-59AA-4048-85CE-1FE40E40934C}.Release|Any CPU.Build.0 = Release|Any CPU
	EndGlobalSection
	GlobalSection(SolutionProperties) = preSolution
		HideSolutionNode = FALSE
	EndGlobalSection
	GlobalSection(ExtensibilityGlobals) = postSolution
		SolutionGuid = {4EC5DADE-3B56-4E9C-B5B1-333C59C07E20}
	EndGlobalSection
EndGlobal
